// !$*UTF8*$!
{
	archiveVersion = 1;
	classes = {
	};
	objectVersion = 48;
	objects = {

/* Begin PBXBuildFile section */
		CEA0710F2060BDCD005697AC /* Futaba.cpp in Sources */ = {isa = PBXBuildFile; fileRef = CEA0710D2060BDCD005697AC /* Futaba.cpp */; };
		CEA071102060BDCD005697AC /* Futaba.hpp in Headers */ = {isa = PBXBuildFile; fileRef = CEA0710E2060BDCD005697AC /* Futaba.hpp */; };
		CEAB2FE320607C29009599FC /* Servo.hpp in Headers */ = {isa = PBXBuildFile; fileRef = CEAB2FE220607C29009599FC /* Servo.hpp */; };
		CEAB2FE720607C29009599FC /* Servo.cpp in Sources */ = {isa = PBXBuildFile; fileRef = CEAB2FE620607C29009599FC /* Servo.cpp */; };
		CEAB2FEF20607DBC009599FC /* Serial.cpp in Sources */ = {isa = PBXBuildFile; fileRef = CEAB2FED20607DBC009599FC /* Serial.cpp */; };
		CEAB2FF020607DBC009599FC /* Serial.hpp in Headers */ = {isa = PBXBuildFile; fileRef = CEAB2FEE20607DBC009599FC /* Serial.hpp */; };
		CEAB2FF320607FCE009599FC /* Dynamixel.cpp in Sources */ = {isa = PBXBuildFile; fileRef = CEAB2FF120607FCE009599FC /* Dynamixel.cpp */; };
		CEAB2FF420607FCE009599FC /* Dynamixel.hpp in Headers */ = {isa = PBXBuildFile; fileRef = CEAB2FF220607FCE009599FC /* Dynamixel.hpp */; };
		CEAB2FFD2060AEFA009599FC /* ServoTests.mm in Sources */ = {isa = PBXBuildFile; fileRef = CEAB2FFC2060AEFA009599FC /* ServoTests.mm */; };
		CEAB2FFF2060AEFA009599FC /* libServo.a in Frameworks */ = {isa = PBXBuildFile; fileRef = CEAB2FDF20607C29009599FC /* libServo.a */; };
		CEAB30052060AF14009599FC /* Servo.cpp in Sources */ = {isa = PBXBuildFile; fileRef = CEAB2FE620607C29009599FC /* Servo.cpp */; };
		CEAB30062060AF17009599FC /* Serial.cpp in Sources */ = {isa = PBXBuildFile; fileRef = CEAB2FED20607DBC009599FC /* Serial.cpp */; };
		CEAB30072060AF1A009599FC /* Dynamixel.cpp in Sources */ = {isa = PBXBuildFile; fileRef = CEAB2FF120607FCE009599FC /* Dynamixel.cpp */; };
/* End PBXBuildFile section */

/* Begin PBXContainerItemProxy section */
		CEAB30002060AEFA009599FC /* PBXContainerItemProxy */ = {
			isa = PBXContainerItemProxy;
			containerPortal = CEAB2FD720607C29009599FC /* Project object */;
			proxyType = 1;
			remoteGlobalIDString = CEAB2FDE20607C29009599FC;
			remoteInfo = Servo;
		};
/* End PBXContainerItemProxy section */

/* Begin PBXFileReference section */
		CEA0710D2060BDCD005697AC /* Futaba.cpp */ = {isa = PBXFileReference; lastKnownFileType = sourcecode.cpp.cpp; path = Futaba.cpp; sourceTree = "<group>"; };
		CEA0710E2060BDCD005697AC /* Futaba.hpp */ = {isa = PBXFileReference; lastKnownFileType = sourcecode.cpp.h; path = Futaba.hpp; sourceTree = "<group>"; };
		CEAB2FDF20607C29009599FC /* libServo.a */ = {isa = PBXFileReference; explicitFileType = archive.ar; includeInIndex = 0; path = libServo.a; sourceTree = BUILT_PRODUCTS_DIR; };
		CEAB2FE220607C29009599FC /* Servo.hpp */ = {isa = PBXFileReference; lastKnownFileType = sourcecode.cpp.h; path = Servo.hpp; sourceTree = "<group>"; };
		CEAB2FE620607C29009599FC /* Servo.cpp */ = {isa = PBXFileReference; lastKnownFileType = sourcecode.cpp.cpp; path = Servo.cpp; sourceTree = "<group>"; };
		CEAB2FED20607DBC009599FC /* Serial.cpp */ = {isa = PBXFileReference; lastKnownFileType = sourcecode.cpp.cpp; path = Serial.cpp; sourceTree = "<group>"; };
		CEAB2FEE20607DBC009599FC /* Serial.hpp */ = {isa = PBXFileReference; lastKnownFileType = sourcecode.cpp.h; path = Serial.hpp; sourceTree = "<group>"; };
		CEAB2FF120607FCE009599FC /* Dynamixel.cpp */ = {isa = PBXFileReference; lastKnownFileType = sourcecode.cpp.cpp; path = Dynamixel.cpp; sourceTree = "<group>"; };
		CEAB2FF220607FCE009599FC /* Dynamixel.hpp */ = {isa = PBXFileReference; lastKnownFileType = sourcecode.cpp.h; path = Dynamixel.hpp; sourceTree = "<group>"; };
		CEAB2FF520608CA6009599FC /* ByteUnion.hpp */ = {isa = PBXFileReference; lastKnownFileType = sourcecode.cpp.h; path = ByteUnion.hpp; sourceTree = "<group>"; };
		CEAB2FFA2060AEFA009599FC /* ServoTests.xctest */ = {isa = PBXFileReference; explicitFileType = wrapper.cfbundle; includeInIndex = 0; path = ServoTests.xctest; sourceTree = BUILT_PRODUCTS_DIR; };
		CEAB2FFC2060AEFA009599FC /* ServoTests.mm */ = {isa = PBXFileReference; lastKnownFileType = sourcecode.cpp.objcpp; path = ServoTests.mm; sourceTree = "<group>"; };
		CEAB2FFE2060AEFA009599FC /* Info.plist */ = {isa = PBXFileReference; lastKnownFileType = text.plist.xml; path = Info.plist; sourceTree = "<group>"; };
/* End PBXFileReference section */

/* Begin PBXFrameworksBuildPhase section */
		CEAB2FDC20607C29009599FC /* Frameworks */ = {
			isa = PBXFrameworksBuildPhase;
			buildActionMask = 2147483647;
			files = (
			);
			runOnlyForDeploymentPostprocessing = 0;
		};
		CEAB2FF72060AEFA009599FC /* Frameworks */ = {
			isa = PBXFrameworksBuildPhase;
			buildActionMask = 2147483647;
			files = (
				CEAB2FFF2060AEFA009599FC /* libServo.a in Frameworks */,
			);
			runOnlyForDeploymentPostprocessing = 0;
		};
/* End PBXFrameworksBuildPhase section */

/* Begin PBXGroup section */
		CEAB2FD620607C29009599FC = {
			isa = PBXGroup;
			children = (
				CEAB2FE120607C29009599FC /* Servo */,
				CEAB2FFB2060AEFA009599FC /* ServoTests */,
				CEAB2FE020607C29009599FC /* Products */,
			);
			sourceTree = "<group>";
		};
		CEAB2FE020607C29009599FC /* Products */ = {
			isa = PBXGroup;
			children = (
				CEAB2FDF20607C29009599FC /* libServo.a */,
				CEAB2FFA2060AEFA009599FC /* ServoTests.xctest */,
			);
			name = Products;
			sourceTree = "<group>";
		};
		CEAB2FE120607C29009599FC /* Servo */ = {
			isa = PBXGroup;
			children = (
				CEAB2FF520608CA6009599FC /* ByteUnion.hpp */,
				CEAB2FE220607C29009599FC /* Servo.hpp */,
				CEAB2FE620607C29009599FC /* Servo.cpp */,
				CEAB2FEE20607DBC009599FC /* Serial.hpp */,
				CEAB2FED20607DBC009599FC /* Serial.cpp */,
				CEAB2FF220607FCE009599FC /* Dynamixel.hpp */,
				CEAB2FF120607FCE009599FC /* Dynamixel.cpp */,
				CEA0710E2060BDCD005697AC /* Futaba.hpp */,
				CEA0710D2060BDCD005697AC /* Futaba.cpp */,
			);
			path = Servo;
			sourceTree = "<group>";
		};
		CEAB2FFB2060AEFA009599FC /* ServoTests */ = {
			isa = PBXGroup;
			children = (
				CEAB2FFC2060AEFA009599FC /* ServoTests.mm */,
				CEAB2FFE2060AEFA009599FC /* Info.plist */,
			);
			path = ServoTests;
			sourceTree = "<group>";
		};
/* End PBXGroup section */

/* Begin PBXHeadersBuildPhase section */
		CEAB2FDD20607C29009599FC /* Headers */ = {
			isa = PBXHeadersBuildPhase;
			buildActionMask = 2147483647;
			files = (
				CEAB2FE320607C29009599FC /* Servo.hpp in Headers */,
				CEAB2FF020607DBC009599FC /* Serial.hpp in Headers */,
				CEAB2FF420607FCE009599FC /* Dynamixel.hpp in Headers */,
				CEA071102060BDCD005697AC /* Futaba.hpp in Headers */,
			);
			runOnlyForDeploymentPostprocessing = 0;
		};
/* End PBXHeadersBuildPhase section */

/* Begin PBXNativeTarget section */
		CEAB2FDE20607C29009599FC /* Servo */ = {
			isa = PBXNativeTarget;
			buildConfigurationList = CEAB2FEA20607C29009599FC /* Build configuration list for PBXNativeTarget "Servo" */;
			buildPhases = (
				CEAB2FDB20607C29009599FC /* Sources */,
				CEAB2FDC20607C29009599FC /* Frameworks */,
				CEAB2FDD20607C29009599FC /* Headers */,
			);
			buildRules = (
			);
			dependencies = (
			);
			name = Servo;
			productName = Servo;
			productReference = CEAB2FDF20607C29009599FC /* libServo.a */;
			productType = "com.apple.product-type.library.static";
		};
		CEAB2FF92060AEFA009599FC /* ServoTests */ = {
			isa = PBXNativeTarget;
			buildConfigurationList = CEAB30022060AEFA009599FC /* Build configuration list for PBXNativeTarget "ServoTests" */;
			buildPhases = (
				CEAB2FF62060AEFA009599FC /* Sources */,
				CEAB2FF72060AEFA009599FC /* Frameworks */,
				CEAB2FF82060AEFA009599FC /* Resources */,
			);
			buildRules = (
			);
			dependencies = (
				CEAB30012060AEFA009599FC /* PBXTargetDependency */,
			);
			name = ServoTests;
			productName = ServoTests;
			productReference = CEAB2FFA2060AEFA009599FC /* ServoTests.xctest */;
			productType = "com.apple.product-type.bundle.unit-test";
		};
/* End PBXNativeTarget section */

/* Begin PBXProject section */
		CEAB2FD720607C29009599FC /* Project object */ = {
			isa = PBXProject;
			attributes = {
				LastUpgradeCheck = 0920;
				ORGANIZATIONNAME = mtkrtk;
				TargetAttributes = {
					CEAB2FDE20607C29009599FC = {
						CreatedOnToolsVersion = 9.2;
						ProvisioningStyle = Automatic;
					};
					CEAB2FF92060AEFA009599FC = {
						CreatedOnToolsVersion = 9.2;
						ProvisioningStyle = Automatic;
					};
				};
			};
			buildConfigurationList = CEAB2FDA20607C29009599FC /* Build configuration list for PBXProject "Servo" */;
			compatibilityVersion = "Xcode 8.0";
			developmentRegion = en;
			hasScannedForEncodings = 0;
			knownRegions = (
				en,
			);
			mainGroup = CEAB2FD620607C29009599FC;
			productRefGroup = CEAB2FE020607C29009599FC /* Products */;
			projectDirPath = "";
			projectRoot = "";
			targets = (
				CEAB2FDE20607C29009599FC /* Servo */,
				CEAB2FF92060AEFA009599FC /* ServoTests */,
			);
		};
/* End PBXProject section */

/* Begin PBXResourcesBuildPhase section */
		CEAB2FF82060AEFA009599FC /* Resources */ = {
			isa = PBXResourcesBuildPhase;
			buildActionMask = 2147483647;
			files = (
			);
			runOnlyForDeploymentPostprocessing = 0;
		};
/* End PBXResourcesBuildPhase section */

/* Begin PBXSourcesBuildPhase section */
		CEAB2FDB20607C29009599FC /* Sources */ = {
			isa = PBXSourcesBuildPhase;
			buildActionMask = 2147483647;
			files = (
				CEAB2FF320607FCE009599FC /* Dynamixel.cpp in Sources */,
				CEAB2FE720607C29009599FC /* Servo.cpp in Sources */,
				CEA0710F2060BDCD005697AC /* Futaba.cpp in Sources */,
				CEAB2FEF20607DBC009599FC /* Serial.cpp in Sources */,
			);
			runOnlyForDeploymentPostprocessing = 0;
		};
		CEAB2FF62060AEFA009599FC /* Sources */ = {
			isa = PBXSourcesBuildPhase;
			buildActionMask = 2147483647;
			files = (
				CEAB30062060AF17009599FC /* Serial.cpp in Sources */,
				CEAB30072060AF1A009599FC /* Dynamixel.cpp in Sources */,
				CEAB2FFD2060AEFA009599FC /* ServoTests.mm in Sources */,
				CEAB30052060AF14009599FC /* Servo.cpp in Sources */,
			);
			runOnlyForDeploymentPostprocessing = 0;
		};
/* End PBXSourcesBuildPhase section */

/* Begin PBXTargetDependency section */
		CEAB30012060AEFA009599FC /* PBXTargetDependency */ = {
			isa = PBXTargetDependency;
			target = CEAB2FDE20607C29009599FC /* Servo */;
			targetProxy = CEAB30002060AEFA009599FC /* PBXContainerItemProxy */;
		};
/* End PBXTargetDependency section */

/* Begin XCBuildConfiguration section */
		CEAB2FE820607C29009599FC /* Debug */ = {
			isa = XCBuildConfiguration;
			buildSettings = {
				ALWAYS_SEARCH_USER_PATHS = NO;
				CLANG_ANALYZER_NONNULL = YES;
				CLANG_ANALYZER_NUMBER_OBJECT_CONVERSION = YES_AGGRESSIVE;
				CLANG_CXX_LANGUAGE_STANDARD = "gnu++14";
				CLANG_CXX_LIBRARY = "libc++";
				CLANG_ENABLE_MODULES = YES;
				CLANG_ENABLE_OBJC_ARC = YES;
				CLANG_WARN_BLOCK_CAPTURE_AUTORELEASING = YES;
				CLANG_WARN_BOOL_CONVERSION = YES;
				CLANG_WARN_COMMA = YES;
				CLANG_WARN_CONSTANT_CONVERSION = YES;
				CLANG_WARN_DIRECT_OBJC_ISA_USAGE = YES_ERROR;
				CLANG_WARN_DOCUMENTATION_COMMENTS = YES;
				CLANG_WARN_EMPTY_BODY = YES;
				CLANG_WARN_ENUM_CONVERSION = YES;
				CLANG_WARN_INFINITE_RECURSION = YES;
				CLANG_WARN_INT_CONVERSION = YES;
				CLANG_WARN_NON_LITERAL_NULL_CONVERSION = YES;
				CLANG_WARN_OBJC_LITERAL_CONVERSION = YES;
				CLANG_WARN_OBJC_ROOT_CLASS = YES_ERROR;
				CLANG_WARN_RANGE_LOOP_ANALYSIS = YES;
				CLANG_WARN_STRICT_PROTOTYPES = YES;
				CLANG_WARN_SUSPICIOUS_MOVE = YES;
				CLANG_WARN_UNGUARDED_AVAILABILITY = YES_AGGRESSIVE;
				CLANG_WARN_UNREACHABLE_CODE = YES;
				CLANG_WARN__DUPLICATE_METHOD_MATCH = YES;
				CODE_SIGN_IDENTITY = "-";
				COPY_PHASE_STRIP = NO;
				DEBUG_INFORMATION_FORMAT = dwarf;
				ENABLE_STRICT_OBJC_MSGSEND = YES;
				ENABLE_TESTABILITY = YES;
				GCC_C_LANGUAGE_STANDARD = gnu11;
				GCC_DYNAMIC_NO_PIC = NO;
				GCC_NO_COMMON_BLOCKS = YES;
				GCC_OPTIMIZATION_LEVEL = 0;
				GCC_PREPROCESSOR_DEFINITIONS = (
					"DEBUG=1",
					"$(inherited)",
				);
				GCC_WARN_64_TO_32_BIT_CONVERSION = YES;
				GCC_WARN_ABOUT_RETURN_TYPE = YES_ERROR;
				GCC_WARN_UNDECLARED_SELECTOR = YES;
				GCC_WARN_UNINITIALIZED_AUTOS = YES_AGGRESSIVE;
				GCC_WARN_UNUSED_FUNCTION = YES;
				GCC_WARN_UNUSED_VARIABLE = YES;
				MACOSX_DEPLOYMENT_TARGET = 10.13;
				MTL_ENABLE_DEBUG_INFO = YES;
				ONLY_ACTIVE_ARCH = YES;
				SDKROOT = macosx;
			};
			name = Debug;
		};
		CEAB2FE920607C29009599FC /* Release */ = {
			isa = XCBuildConfiguration;
			buildSettings = {
				ALWAYS_SEARCH_USER_PATHS = NO;
				CLANG_ANALYZER_NONNULL = YES;
				CLANG_ANALYZER_NUMBER_OBJECT_CONVERSION = YES_AGGRESSIVE;
				CLANG_CXX_LANGUAGE_STANDARD = "gnu++14";
				CLANG_CXX_LIBRARY = "libc++";
				CLANG_ENABLE_MODULES = YES;
				CLANG_ENABLE_OBJC_ARC = YES;
				CLANG_WARN_BLOCK_CAPTURE_AUTORELEASING = YES;
				CLANG_WARN_BOOL_CONVERSION = YES;
				CLANG_WARN_COMMA = YES;
				CLANG_WARN_CONSTANT_CONVERSION = YES;
				CLANG_WARN_DIRECT_OBJC_ISA_USAGE = YES_ERROR;
				CLANG_WARN_DOCUMENTATION_COMMENTS = YES;
				CLANG_WARN_EMPTY_BODY = YES;
				CLANG_WARN_ENUM_CONVERSION = YES;
				CLANG_WARN_INFINITE_RECURSION = YES;
				CLANG_WARN_INT_CONVERSION = YES;
				CLANG_WARN_NON_LITERAL_NULL_CONVERSION = YES;
				CLANG_WARN_OBJC_LITERAL_CONVERSION = YES;
				CLANG_WARN_OBJC_ROOT_CLASS = YES_ERROR;
				CLANG_WARN_RANGE_LOOP_ANALYSIS = YES;
				CLANG_WARN_STRICT_PROTOTYPES = YES;
				CLANG_WARN_SUSPICIOUS_MOVE = YES;
				CLANG_WARN_UNGUARDED_AVAILABILITY = YES_AGGRESSIVE;
				CLANG_WARN_UNREACHABLE_CODE = YES;
				CLANG_WARN__DUPLICATE_METHOD_MATCH = YES;
				CODE_SIGN_IDENTITY = "-";
				COPY_PHASE_STRIP = NO;
				DEBUG_INFORMATION_FORMAT = "dwarf-with-dsym";
				ENABLE_NS_ASSERTIONS = NO;
				ENABLE_STRICT_OBJC_MSGSEND = YES;
				GCC_C_LANGUAGE_STANDARD = gnu11;
				GCC_NO_COMMON_BLOCKS = YES;
				GCC_WARN_64_TO_32_BIT_CONVERSION = YES;
				GCC_WARN_ABOUT_RETURN_TYPE = YES_ERROR;
				GCC_WARN_UNDECLARED_SELECTOR = YES;
				GCC_WARN_UNINITIALIZED_AUTOS = YES_AGGRESSIVE;
				GCC_WARN_UNUSED_FUNCTION = YES;
				GCC_WARN_UNUSED_VARIABLE = YES;
				MACOSX_DEPLOYMENT_TARGET = 10.13;
				MTL_ENABLE_DEBUG_INFO = NO;
				SDKROOT = macosx;
			};
			name = Release;
		};
		CEAB2FEB20607C29009599FC /* Debug */ = {
			isa = XCBuildConfiguration;
			buildSettings = {
				CODE_SIGN_STYLE = Automatic;
				EXECUTABLE_PREFIX = lib;
				GCC_ENABLE_CPP_EXCEPTIONS = YES;
				GCC_ENABLE_CPP_RTTI = YES;
				PRODUCT_NAME = "$(TARGET_NAME)";
			};
			name = Debug;
		};
		CEAB2FEC20607C29009599FC /* Release */ = {
			isa = XCBuildConfiguration;
			buildSettings = {
				CODE_SIGN_STYLE = Automatic;
				EXECUTABLE_PREFIX = lib;
				GCC_ENABLE_CPP_EXCEPTIONS = YES;
				GCC_ENABLE_CPP_RTTI = YES;
				PRODUCT_NAME = "$(TARGET_NAME)";
			};
			name = Release;
		};
		CEAB30032060AEFA009599FC /* Debug */ = {
			isa = XCBuildConfiguration;
			buildSettings = {
				CODE_SIGN_STYLE = Automatic;
				COMBINE_HIDPI_IMAGES = YES;
				INFOPLIST_FILE = ServoTests/Info.plist;
				LD_RUNPATH_SEARCH_PATHS = "$(inherited) @executable_path/../Frameworks @loader_path/../Frameworks";
				PRODUCT_BUNDLE_IDENTIFIER = mtkrtk.ServoTests;
				PRODUCT_NAME = "$(TARGET_NAME)";
			};
			name = Debug;
		};
		CEAB30042060AEFA009599FC /* Release */ = {
			isa = XCBuildConfiguration;
			buildSettings = {
				CODE_SIGN_STYLE = Automatic;
				COMBINE_HIDPI_IMAGES = YES;
				INFOPLIST_FILE = ServoTests/Info.plist;
				LD_RUNPATH_SEARCH_PATHS = "$(inherited) @executable_path/../Frameworks @loader_path/../Frameworks";
				PRODUCT_BUNDLE_IDENTIFIER = mtkrtk.ServoTests;
				PRODUCT_NAME = "$(TARGET_NAME)";
			};
			name = Release;
		};
/* End XCBuildConfiguration section */

/* Begin XCConfigurationList section */
		CEAB2FDA20607C29009599FC /* Build configuration list for PBXProject "Servo" */ = {
			isa = XCConfigurationList;
			buildConfigurations = (
				CEAB2FE820607C29009599FC /* Debug */,
				CEAB2FE920607C29009599FC /* Release */,
			);
			defaultConfigurationIsVisible = 0;
			defaultConfigurationName = Release;
		};
		CEAB2FEA20607C29009599FC /* Build configuration list for PBXNativeTarget "Servo" */ = {
			isa = XCConfigurationList;
			buildConfigurations = (
				CEAB2FEB20607C29009599FC /* Debug */,
				CEAB2FEC20607C29009599FC /* Release */,
			);
			defaultConfigurationIsVisible = 0;
			defaultConfigurationName = Release;
		};
		CEAB30022060AEFA009599FC /* Build configuration list for PBXNativeTarget "ServoTests" */ = {
			isa = XCConfigurationList;
			buildConfigurations = (
				CEAB30032060AEFA009599FC /* Debug */,
				CEAB30042060AEFA009599FC /* Release */,
			);
			defaultConfigurationIsVisible = 0;
			defaultConfigurationName = Release;
		};
/* End XCConfigurationList section */
	};
	rootObject = CEAB2FD720607C29009599FC /* Project object */;
}
