// !$*UTF8*$!
{
	archiveVersion = 1;
	classes = {
	};
	objectVersion = 48;
	objects = {

/* Begin PBXBuildFile section */
		CE436537201AB8850098EFAC /* AppDelegate.mm in Sources */ = {isa = PBXBuildFile; fileRef = CE436536201AB8850098EFAC /* AppDelegate.mm */; };
		CE436539201AB8850098EFAC /* Assets.xcassets in Resources */ = {isa = PBXBuildFile; fileRef = CE436538201AB8850098EFAC /* Assets.xcassets */; };
		CE43653C201AB8850098EFAC /* MainMenu.xib in Resources */ = {isa = PBXBuildFile; fileRef = CE43653A201AB8850098EFAC /* MainMenu.xib */; };
		CE43653F201AB8850098EFAC /* main.m in Sources */ = {isa = PBXBuildFile; fileRef = CE43653E201AB8850098EFAC /* main.m */; };
		CE436547201AB9830098EFAC /* Serial.m in Sources */ = {isa = PBXBuildFile; fileRef = CE436545201AB9830098EFAC /* Serial.m */; };
		CE436549201AD85D0098EFAC /* libfutaba.a in Frameworks */ = {isa = PBXBuildFile; fileRef = CEABB3F7201AB152008638B7 /* libfutaba.a */; };
		CEABB3FB201AB152008638B7 /* futaba.hpp in Headers */ = {isa = PBXBuildFile; fileRef = CEABB3FA201AB152008638B7 /* futaba.hpp */; };
		CEABB3FF201AB152008638B7 /* futaba.cpp in Sources */ = {isa = PBXBuildFile; fileRef = CEABB3FE201AB152008638B7 /* futaba.cpp */; };
		CEABB40C201AB354008638B7 /* FutabaTests.mm in Sources */ = {isa = PBXBuildFile; fileRef = CEABB40B201AB354008638B7 /* FutabaTests.mm */; };
		CEABB40E201AB354008638B7 /* libfutaba.a in Frameworks */ = {isa = PBXBuildFile; fileRef = CEABB3F7201AB152008638B7 /* libfutaba.a */; };
/* End PBXBuildFile section */

/* Begin PBXContainerItemProxy section */
		CEABB40F201AB354008638B7 /* PBXContainerItemProxy */ = {
			isa = PBXContainerItemProxy;
			containerPortal = CEABB3EF201AB152008638B7 /* Project object */;
			proxyType = 1;
			remoteGlobalIDString = CEABB3F6201AB152008638B7;
			remoteInfo = futaba;
		};
/* End PBXContainerItemProxy section */

/* Begin PBXFileReference section */
		CE436533201AB8850098EFAC /* app.app */ = {isa = PBXFileReference; explicitFileType = wrapper.application; includeInIndex = 0; path = app.app; sourceTree = BUILT_PRODUCTS_DIR; };
		CE436535201AB8850098EFAC /* AppDelegate.h */ = {isa = PBXFileReference; lastKnownFileType = sourcecode.c.h; path = AppDelegate.h; sourceTree = "<group>"; };
		CE436536201AB8850098EFAC /* AppDelegate.mm */ = {isa = PBXFileReference; lastKnownFileType = sourcecode.cpp.objcpp; path = AppDelegate.mm; sourceTree = "<group>"; };
		CE436538201AB8850098EFAC /* Assets.xcassets */ = {isa = PBXFileReference; lastKnownFileType = folder.assetcatalog; path = Assets.xcassets; sourceTree = "<group>"; };
		CE43653B201AB8850098EFAC /* Base */ = {isa = PBXFileReference; lastKnownFileType = file.xib; name = Base; path = Base.lproj/MainMenu.xib; sourceTree = "<group>"; };
		CE43653D201AB8850098EFAC /* Info.plist */ = {isa = PBXFileReference; lastKnownFileType = text.plist.xml; path = Info.plist; sourceTree = "<group>"; };
		CE43653E201AB8850098EFAC /* main.m */ = {isa = PBXFileReference; lastKnownFileType = sourcecode.c.objc; path = main.m; sourceTree = "<group>"; };
		CE436540201AB8850098EFAC /* app.entitlements */ = {isa = PBXFileReference; lastKnownFileType = text.plist.entitlements; path = app.entitlements; sourceTree = "<group>"; };
		CE436545201AB9830098EFAC /* Serial.m */ = {isa = PBXFileReference; fileEncoding = 4; lastKnownFileType = sourcecode.c.objc; path = Serial.m; sourceTree = "<group>"; };
		CE436546201AB9830098EFAC /* Serial.h */ = {isa = PBXFileReference; fileEncoding = 4; lastKnownFileType = sourcecode.c.h; path = Serial.h; sourceTree = "<group>"; };
		CEABB3F7201AB152008638B7 /* libfutaba.a */ = {isa = PBXFileReference; explicitFileType = archive.ar; includeInIndex = 0; path = libfutaba.a; sourceTree = BUILT_PRODUCTS_DIR; };
		CEABB3FA201AB152008638B7 /* futaba.hpp */ = {isa = PBXFileReference; lastKnownFileType = sourcecode.cpp.h; path = futaba.hpp; sourceTree = "<group>"; };
		CEABB3FE201AB152008638B7 /* futaba.cpp */ = {isa = PBXFileReference; lastKnownFileType = sourcecode.cpp.cpp; path = futaba.cpp; sourceTree = "<group>"; };
		CEABB409201AB354008638B7 /* FutabaTests.xctest */ = {isa = PBXFileReference; explicitFileType = wrapper.cfbundle; includeInIndex = 0; path = FutabaTests.xctest; sourceTree = BUILT_PRODUCTS_DIR; };
		CEABB40B201AB354008638B7 /* FutabaTests.mm */ = {isa = PBXFileReference; lastKnownFileType = sourcecode.cpp.objcpp; path = FutabaTests.mm; sourceTree = "<group>"; };
		CEABB40D201AB354008638B7 /* Info.plist */ = {isa = PBXFileReference; lastKnownFileType = text.plist.xml; path = Info.plist; sourceTree = "<group>"; };
/* End PBXFileReference section */

/* Begin PBXFrameworksBuildPhase section */
		CE436530201AB8850098EFAC /* Frameworks */ = {
			isa = PBXFrameworksBuildPhase;
			buildActionMask = 2147483647;
			files = (
				CE436549201AD85D0098EFAC /* libfutaba.a in Frameworks */,
			);
			runOnlyForDeploymentPostprocessing = 0;
		};
		CEABB3F4201AB152008638B7 /* Frameworks */ = {
			isa = PBXFrameworksBuildPhase;
			buildActionMask = 2147483647;
			files = (
			);
			runOnlyForDeploymentPostprocessing = 0;
		};
		CEABB406201AB354008638B7 /* Frameworks */ = {
			isa = PBXFrameworksBuildPhase;
			buildActionMask = 2147483647;
			files = (
				CEABB40E201AB354008638B7 /* libfutaba.a in Frameworks */,
			);
			runOnlyForDeploymentPostprocessing = 0;
		};
/* End PBXFrameworksBuildPhase section */

/* Begin PBXGroup section */
		CE436534201AB8850098EFAC /* app */ = {
			isa = PBXGroup;
			children = (
				CE436546201AB9830098EFAC /* Serial.h */,
				CE436545201AB9830098EFAC /* Serial.m */,
				CE436535201AB8850098EFAC /* AppDelegate.h */,
				CE436536201AB8850098EFAC /* AppDelegate.mm */,
				CE436538201AB8850098EFAC /* Assets.xcassets */,
				CE43653A201AB8850098EFAC /* MainMenu.xib */,
				CE43653D201AB8850098EFAC /* Info.plist */,
				CE43653E201AB8850098EFAC /* main.m */,
				CE436540201AB8850098EFAC /* app.entitlements */,
			);
			path = app;
			sourceTree = "<group>";
		};
		CE436548201AD85D0098EFAC /* Frameworks */ = {
			isa = PBXGroup;
			children = (
			);
			name = Frameworks;
			sourceTree = "<group>";
		};
		CEABB3EE201AB152008638B7 = {
			isa = PBXGroup;
			children = (
				CEABB3F9201AB152008638B7 /* futaba */,
				CEABB40A201AB354008638B7 /* FutabaTests */,
				CE436534201AB8850098EFAC /* app */,
				CEABB3F8201AB152008638B7 /* Products */,
				CE436548201AD85D0098EFAC /* Frameworks */,
			);
			sourceTree = "<group>";
		};
		CEABB3F8201AB152008638B7 /* Products */ = {
			isa = PBXGroup;
			children = (
				CEABB3F7201AB152008638B7 /* libfutaba.a */,
				CEABB409201AB354008638B7 /* FutabaTests.xctest */,
				CE436533201AB8850098EFAC /* app.app */,
			);
			name = Products;
			sourceTree = "<group>";
		};
		CEABB3F9201AB152008638B7 /* futaba */ = {
			isa = PBXGroup;
			children = (
				CEABB3FA201AB152008638B7 /* futaba.hpp */,
				CEABB3FE201AB152008638B7 /* futaba.cpp */,
			);
			path = futaba;
			sourceTree = "<group>";
		};
		CEABB40A201AB354008638B7 /* FutabaTests */ = {
			isa = PBXGroup;
			children = (
				CEABB40B201AB354008638B7 /* FutabaTests.mm */,
				CEABB40D201AB354008638B7 /* Info.plist */,
			);
			path = FutabaTests;
			sourceTree = "<group>";
		};
/* End PBXGroup section */

/* Begin PBXHeadersBuildPhase section */
		CEABB3F5201AB152008638B7 /* Headers */ = {
			isa = PBXHeadersBuildPhase;
			buildActionMask = 2147483647;
			files = (
				CEABB3FB201AB152008638B7 /* futaba.hpp in Headers */,
			);
			runOnlyForDeploymentPostprocessing = 0;
		};
/* End PBXHeadersBuildPhase section */

/* Begin PBXNativeTarget section */
		CE436532201AB8850098EFAC /* app */ = {
			isa = PBXNativeTarget;
			buildConfigurationList = CE436541201AB8850098EFAC /* Build configuration list for PBXNativeTarget "app" */;
			buildPhases = (
				CE43652F201AB8850098EFAC /* Sources */,
				CE436530201AB8850098EFAC /* Frameworks */,
				CE436531201AB8850098EFAC /* Resources */,
			);
			buildRules = (
			);
			dependencies = (
			);
			name = app;
			productName = app;
			productReference = CE436533201AB8850098EFAC /* app.app */;
			productType = "com.apple.product-type.application";
		};
		CEABB3F6201AB152008638B7 /* futaba */ = {
			isa = PBXNativeTarget;
			buildConfigurationList = CEABB402201AB152008638B7 /* Build configuration list for PBXNativeTarget "futaba" */;
			buildPhases = (
				CEABB3F3201AB152008638B7 /* Sources */,
				CEABB3F4201AB152008638B7 /* Frameworks */,
				CEABB3F5201AB152008638B7 /* Headers */,
			);
			buildRules = (
			);
			dependencies = (
			);
			name = futaba;
			productName = futaba;
			productReference = CEABB3F7201AB152008638B7 /* libfutaba.a */;
			productType = "com.apple.product-type.library.static";
		};
		CEABB408201AB354008638B7 /* FutabaTests */ = {
			isa = PBXNativeTarget;
			buildConfigurationList = CEABB411201AB354008638B7 /* Build configuration list for PBXNativeTarget "FutabaTests" */;
			buildPhases = (
				CEABB405201AB354008638B7 /* Sources */,
				CEABB406201AB354008638B7 /* Frameworks */,
				CEABB407201AB354008638B7 /* Resources */,
			);
			buildRules = (
			);
			dependencies = (
				CEABB410201AB354008638B7 /* PBXTargetDependency */,
			);
			name = FutabaTests;
			productName = FutabaTests;
			productReference = CEABB409201AB354008638B7 /* FutabaTests.xctest */;
			productType = "com.apple.product-type.bundle.unit-test";
		};
/* End PBXNativeTarget section */

/* Begin PBXProject section */
		CEABB3EF201AB152008638B7 /* Project object */ = {
			isa = PBXProject;
			attributes = {
				LastUpgradeCheck = 0920;
				ORGANIZATIONNAME = mtkrtk;
				TargetAttributes = {
					CE436532201AB8850098EFAC = {
						CreatedOnToolsVersion = 9.2;
						ProvisioningStyle = Automatic;
						SystemCapabilities = {
							com.apple.Sandbox = {
								enabled = 0;
							};
						};
					};
					CEABB3F6201AB152008638B7 = {
						CreatedOnToolsVersion = 9.2;
						ProvisioningStyle = Automatic;
					};
					CEABB408201AB354008638B7 = {
						CreatedOnToolsVersion = 9.2;
						ProvisioningStyle = Automatic;
					};
				};
			};
			buildConfigurationList = CEABB3F2201AB152008638B7 /* Build configuration list for PBXProject "futaba" */;
			compatibilityVersion = "Xcode 8.0";
			developmentRegion = en;
			hasScannedForEncodings = 0;
			knownRegions = (
				en,
				Base,
			);
			mainGroup = CEABB3EE201AB152008638B7;
			productRefGroup = CEABB3F8201AB152008638B7 /* Products */;
			projectDirPath = "";
			projectRoot = "";
			targets = (
				CEABB3F6201AB152008638B7 /* futaba */,
				CEABB408201AB354008638B7 /* FutabaTests */,
				CE436532201AB8850098EFAC /* app */,
			);
		};
/* End PBXProject section */

/* Begin PBXResourcesBuildPhase section */
		CE436531201AB8850098EFAC /* Resources */ = {
			isa = PBXResourcesBuildPhase;
			buildActionMask = 2147483647;
			files = (
				CE436539201AB8850098EFAC /* Assets.xcassets in Resources */,
				CE43653C201AB8850098EFAC /* MainMenu.xib in Resources */,
			);
			runOnlyForDeploymentPostprocessing = 0;
		};
		CEABB407201AB354008638B7 /* Resources */ = {
			isa = PBXResourcesBuildPhase;
			buildActionMask = 2147483647;
			files = (
			);
			runOnlyForDeploymentPostprocessing = 0;
		};
/* End PBXResourcesBuildPhase section */

/* Begin PBXSourcesBuildPhase section */
		CE43652F201AB8850098EFAC /* Sources */ = {
			isa = PBXSourcesBuildPhase;
			buildActionMask = 2147483647;
			files = (
				CE43653F201AB8850098EFAC /* main.m in Sources */,
				CE436537201AB8850098EFAC /* AppDelegate.mm in Sources */,
				CE436547201AB9830098EFAC /* Serial.m in Sources */,
			);
			runOnlyForDeploymentPostprocessing = 0;
		};
		CEABB3F3201AB152008638B7 /* Sources */ = {
			isa = PBXSourcesBuildPhase;
			buildActionMask = 2147483647;
			files = (
				CEABB3FF201AB152008638B7 /* futaba.cpp in Sources */,
			);
			runOnlyForDeploymentPostprocessing = 0;
		};
		CEABB405201AB354008638B7 /* Sources */ = {
			isa = PBXSourcesBuildPhase;
			buildActionMask = 2147483647;
			files = (
				CEABB40C201AB354008638B7 /* FutabaTests.mm in Sources */,
			);
			runOnlyForDeploymentPostprocessing = 0;
		};
/* End PBXSourcesBuildPhase section */

/* Begin PBXTargetDependency section */
		CEABB410201AB354008638B7 /* PBXTargetDependency */ = {
			isa = PBXTargetDependency;
			target = CEABB3F6201AB152008638B7 /* futaba */;
			targetProxy = CEABB40F201AB354008638B7 /* PBXContainerItemProxy */;
		};
/* End PBXTargetDependency section */

/* Begin PBXVariantGroup section */
		CE43653A201AB8850098EFAC /* MainMenu.xib */ = {
			isa = PBXVariantGroup;
			children = (
				CE43653B201AB8850098EFAC /* Base */,
			);
			name = MainMenu.xib;
			sourceTree = "<group>";
		};
/* End PBXVariantGroup section */

/* Begin XCBuildConfiguration section */
		CE436542201AB8850098EFAC /* Debug */ = {
			isa = XCBuildConfiguration;
			buildSettings = {
				ASSETCATALOG_COMPILER_APPICON_NAME = AppIcon;
				CODE_SIGN_STYLE = Automatic;
				COMBINE_HIDPI_IMAGES = YES;
				INFOPLIST_FILE = app/Info.plist;
				LD_RUNPATH_SEARCH_PATHS = "$(inherited) @executable_path/../Frameworks";
				PRODUCT_BUNDLE_IDENTIFIER = mtkrtk.app;
				PRODUCT_NAME = "$(TARGET_NAME)";
			};
			name = Debug;
		};
		CE436543201AB8850098EFAC /* Release */ = {
			isa = XCBuildConfiguration;
			buildSettings = {
				ASSETCATALOG_COMPILER_APPICON_NAME = AppIcon;
				CODE_SIGN_STYLE = Automatic;
				COMBINE_HIDPI_IMAGES = YES;
				INFOPLIST_FILE = app/Info.plist;
				LD_RUNPATH_SEARCH_PATHS = "$(inherited) @executable_path/../Frameworks";
				PRODUCT_BUNDLE_IDENTIFIER = mtkrtk.app;
				PRODUCT_NAME = "$(TARGET_NAME)";
			};
			name = Release;
		};
		CEABB400201AB152008638B7 /* Debug */ = {
			isa = XCBuildConfiguration;
			buildSettings = {
				ALWAYS_SEARCH_USER_PATHS = NO;
				CLANG_ANALYZER_NONNULL = YES;
				CLANG_ANALYZER_NUMBER_OBJECT_CONVERSION = YES_AGGRESSIVE;
				CLANG_CXX_LANGUAGE_STANDARD = "gnu++14";
				CLANG_CXX_LIBRARY = "libc++";
				CLANG_ENABLE_MODULES = YES;
				CLANG_ENABLE_OBJC_ARC = YES;
				CLANG_WARN_BLOCK_CAPTURE_AUTORELEASING = YES;
				CLANG_WARN_BOOL_CONVERSION = YES;
				CLANG_WARN_COMMA = YES;
				CLANG_WARN_CONSTANT_CONVERSION = YES;
				CLANG_WARN_DIRECT_OBJC_ISA_USAGE = YES_ERROR;
				CLANG_WARN_DOCUMENTATION_COMMENTS = YES;
				CLANG_WARN_EMPTY_BODY = YES;
				CLANG_WARN_ENUM_CONVERSION = YES;
				CLANG_WARN_INFINITE_RECURSION = YES;
				CLANG_WARN_INT_CONVERSION = YES;
				CLANG_WARN_NON_LITERAL_NULL_CONVERSION = YES;
				CLANG_WARN_OBJC_LITERAL_CONVERSION = YES;
				CLANG_WARN_OBJC_ROOT_CLASS = YES_ERROR;
				CLANG_WARN_RANGE_LOOP_ANALYSIS = YES;
				CLANG_WARN_STRICT_PROTOTYPES = YES;
				CLANG_WARN_SUSPICIOUS_MOVE = YES;
				CLANG_WARN_UNGUARDED_AVAILABILITY = YES_AGGRESSIVE;
				CLANG_WARN_UNREACHABLE_CODE = YES;
				CLANG_WARN__DUPLICATE_METHOD_MATCH = YES;
				CODE_SIGN_IDENTITY = "-";
				COPY_PHASE_STRIP = NO;
				DEBUG_INFORMATION_FORMAT = dwarf;
				ENABLE_STRICT_OBJC_MSGSEND = YES;
				ENABLE_TESTABILITY = YES;
				GCC_C_LANGUAGE_STANDARD = gnu11;
				GCC_DYNAMIC_NO_PIC = NO;
				GCC_NO_COMMON_BLOCKS = YES;
				GCC_OPTIMIZATION_LEVEL = 0;
				GCC_PREPROCESSOR_DEFINITIONS = (
					"DEBUG=1",
					"$(inherited)",
				);
				GCC_WARN_64_TO_32_BIT_CONVERSION = YES;
				GCC_WARN_ABOUT_RETURN_TYPE = YES_ERROR;
				GCC_WARN_UNDECLARED_SELECTOR = YES;
				GCC_WARN_UNINITIALIZED_AUTOS = YES_AGGRESSIVE;
				GCC_WARN_UNUSED_FUNCTION = YES;
				GCC_WARN_UNUSED_VARIABLE = YES;
				MACOSX_DEPLOYMENT_TARGET = 10.13;
				MTL_ENABLE_DEBUG_INFO = YES;
				ONLY_ACTIVE_ARCH = YES;
				SDKROOT = macosx;
			};
			name = Debug;
		};
		CEABB401201AB152008638B7 /* Release */ = {
			isa = XCBuildConfiguration;
			buildSettings = {
				ALWAYS_SEARCH_USER_PATHS = NO;
				CLANG_ANALYZER_NONNULL = YES;
				CLANG_ANALYZER_NUMBER_OBJECT_CONVERSION = YES_AGGRESSIVE;
				CLANG_CXX_LANGUAGE_STANDARD = "gnu++14";
				CLANG_CXX_LIBRARY = "libc++";
				CLANG_ENABLE_MODULES = YES;
				CLANG_ENABLE_OBJC_ARC = YES;
				CLANG_WARN_BLOCK_CAPTURE_AUTORELEASING = YES;
				CLANG_WARN_BOOL_CONVERSION = YES;
				CLANG_WARN_COMMA = YES;
				CLANG_WARN_CONSTANT_CONVERSION = YES;
				CLANG_WARN_DIRECT_OBJC_ISA_USAGE = YES_ERROR;
				CLANG_WARN_DOCUMENTATION_COMMENTS = YES;
				CLANG_WARN_EMPTY_BODY = YES;
				CLANG_WARN_ENUM_CONVERSION = YES;
				CLANG_WARN_INFINITE_RECURSION = YES;
				CLANG_WARN_INT_CONVERSION = YES;
				CLANG_WARN_NON_LITERAL_NULL_CONVERSION = YES;
				CLANG_WARN_OBJC_LITERAL_CONVERSION = YES;
				CLANG_WARN_OBJC_ROOT_CLASS = YES_ERROR;
				CLANG_WARN_RANGE_LOOP_ANALYSIS = YES;
				CLANG_WARN_STRICT_PROTOTYPES = YES;
				CLANG_WARN_SUSPICIOUS_MOVE = YES;
				CLANG_WARN_UNGUARDED_AVAILABILITY = YES_AGGRESSIVE;
				CLANG_WARN_UNREACHABLE_CODE = YES;
				CLANG_WARN__DUPLICATE_METHOD_MATCH = YES;
				CODE_SIGN_IDENTITY = "-";
				COPY_PHASE_STRIP = NO;
				DEBUG_INFORMATION_FORMAT = "dwarf-with-dsym";
				ENABLE_NS_ASSERTIONS = NO;
				ENABLE_STRICT_OBJC_MSGSEND = YES;
				GCC_C_LANGUAGE_STANDARD = gnu11;
				GCC_NO_COMMON_BLOCKS = YES;
				GCC_WARN_64_TO_32_BIT_CONVERSION = YES;
				GCC_WARN_ABOUT_RETURN_TYPE = YES_ERROR;
				GCC_WARN_UNDECLARED_SELECTOR = YES;
				GCC_WARN_UNINITIALIZED_AUTOS = YES_AGGRESSIVE;
				GCC_WARN_UNUSED_FUNCTION = YES;
				GCC_WARN_UNUSED_VARIABLE = YES;
				MACOSX_DEPLOYMENT_TARGET = 10.13;
				MTL_ENABLE_DEBUG_INFO = NO;
				SDKROOT = macosx;
			};
			name = Release;
		};
		CEABB403201AB152008638B7 /* Debug */ = {
			isa = XCBuildConfiguration;
			buildSettings = {
				CODE_SIGN_STYLE = Automatic;
				EXECUTABLE_PREFIX = lib;
				GCC_ENABLE_CPP_EXCEPTIONS = YES;
				GCC_ENABLE_CPP_RTTI = YES;
				PRODUCT_NAME = "$(TARGET_NAME)";
			};
			name = Debug;
		};
		CEABB404201AB152008638B7 /* Release */ = {
			isa = XCBuildConfiguration;
			buildSettings = {
				CODE_SIGN_STYLE = Automatic;
				EXECUTABLE_PREFIX = lib;
				GCC_ENABLE_CPP_EXCEPTIONS = YES;
				GCC_ENABLE_CPP_RTTI = YES;
				PRODUCT_NAME = "$(TARGET_NAME)";
			};
			name = Release;
		};
		CEABB412201AB354008638B7 /* Debug */ = {
			isa = XCBuildConfiguration;
			buildSettings = {
				CODE_SIGN_STYLE = Automatic;
				COMBINE_HIDPI_IMAGES = YES;
				INFOPLIST_FILE = FutabaTests/Info.plist;
				LD_RUNPATH_SEARCH_PATHS = "$(inherited) @executable_path/../Frameworks @loader_path/../Frameworks";
				PRODUCT_BUNDLE_IDENTIFIER = mtkrtk.FutabaTests;
				PRODUCT_NAME = "$(TARGET_NAME)";
			};
			name = Debug;
		};
		CEABB413201AB354008638B7 /* Release */ = {
			isa = XCBuildConfiguration;
			buildSettings = {
				CODE_SIGN_STYLE = Automatic;
				COMBINE_HIDPI_IMAGES = YES;
				INFOPLIST_FILE = FutabaTests/Info.plist;
				LD_RUNPATH_SEARCH_PATHS = "$(inherited) @executable_path/../Frameworks @loader_path/../Frameworks";
				PRODUCT_BUNDLE_IDENTIFIER = mtkrtk.FutabaTests;
				PRODUCT_NAME = "$(TARGET_NAME)";
			};
			name = Release;
		};
/* End XCBuildConfiguration section */

/* Begin XCConfigurationList section */
		CE436541201AB8850098EFAC /* Build configuration list for PBXNativeTarget "app" */ = {
			isa = XCConfigurationList;
			buildConfigurations = (
				CE436542201AB8850098EFAC /* Debug */,
				CE436543201AB8850098EFAC /* Release */,
			);
			defaultConfigurationIsVisible = 0;
			defaultConfigurationName = Release;
		};
		CEABB3F2201AB152008638B7 /* Build configuration list for PBXProject "futaba" */ = {
			isa = XCConfigurationList;
			buildConfigurations = (
				CEABB400201AB152008638B7 /* Debug */,
				CEABB401201AB152008638B7 /* Release */,
			);
			defaultConfigurationIsVisible = 0;
			defaultConfigurationName = Release;
		};
		CEABB402201AB152008638B7 /* Build configuration list for PBXNativeTarget "futaba" */ = {
			isa = XCConfigurationList;
			buildConfigurations = (
				CEABB403201AB152008638B7 /* Debug */,
				CEABB404201AB152008638B7 /* Release */,
			);
			defaultConfigurationIsVisible = 0;
			defaultConfigurationName = Release;
		};
		CEABB411201AB354008638B7 /* Build configuration list for PBXNativeTarget "FutabaTests" */ = {
			isa = XCConfigurationList;
			buildConfigurations = (
				CEABB412201AB354008638B7 /* Debug */,
				CEABB413201AB354008638B7 /* Release */,
			);
			defaultConfigurationIsVisible = 0;
			defaultConfigurationName = Release;
		};
/* End XCConfigurationList section */
	};
	rootObject = CEABB3EF201AB152008638B7 /* Project object */;
}
