// !$*UTF8*$!
{
	archiveVersion = 1;
	classes = {
	};
	objectVersion = 50;
	objects = {

/* Begin PBXBuildFile section */
		CEFC30E720DBB37300E9C717 /* AppDelegate.m in Sources */ = {isa = PBXBuildFile; fileRef = CEFC30E620DBB37300E9C717 /* AppDelegate.m */; };
		CEFC30E920DBB37600E9C717 /* Assets.xcassets in Resources */ = {isa = PBXBuildFile; fileRef = CEFC30E820DBB37600E9C717 /* Assets.xcassets */; };
		CEFC30EC20DBB37600E9C717 /* MainMenu.xib in Resources */ = {isa = PBXBuildFile; fileRef = CEFC30EA20DBB37600E9C717 /* MainMenu.xib */; };
		CEFC30EF20DBB37600E9C717 /* main.m in Sources */ = {isa = PBXBuildFile; fileRef = CEFC30EE20DBB37600E9C717 /* main.m */; };
		EA0FEEAFEF19638D8B2102AD /* libPods-PC.a in Frameworks */ = {isa = PBXBuildFile; fileRef = 776A608371FEB357798D14CC /* libPods-PC.a */; };
/* End PBXBuildFile section */

/* Begin PBXFileReference section */
		56BAFCD2865E3BD9E476CDAD /* Pods-PC.release.xcconfig */ = {isa = PBXFileReference; includeInIndex = 1; lastKnownFileType = text.xcconfig; name = "Pods-PC.release.xcconfig"; path = "Pods/Target Support Files/Pods-PC/Pods-PC.release.xcconfig"; sourceTree = "<group>"; };
		776A608371FEB357798D14CC /* libPods-PC.a */ = {isa = PBXFileReference; explicitFileType = archive.ar; includeInIndex = 0; path = "libPods-PC.a"; sourceTree = BUILT_PRODUCTS_DIR; };
		7F4C4C12075AC72E2B295175 /* Pods-PC.debug.xcconfig */ = {isa = PBXFileReference; includeInIndex = 1; lastKnownFileType = text.xcconfig; name = "Pods-PC.debug.xcconfig"; path = "Pods/Target Support Files/Pods-PC/Pods-PC.debug.xcconfig"; sourceTree = "<group>"; };
		CEFC30E220DBB37300E9C717 /* PC.app */ = {isa = PBXFileReference; explicitFileType = wrapper.application; includeInIndex = 0; path = PC.app; sourceTree = BUILT_PRODUCTS_DIR; };
		CEFC30E520DBB37300E9C717 /* AppDelegate.h */ = {isa = PBXFileReference; lastKnownFileType = sourcecode.c.h; path = AppDelegate.h; sourceTree = "<group>"; };
		CEFC30E620DBB37300E9C717 /* AppDelegate.m */ = {isa = PBXFileReference; lastKnownFileType = sourcecode.c.objc; path = AppDelegate.m; sourceTree = "<group>"; };
		CEFC30E820DBB37600E9C717 /* Assets.xcassets */ = {isa = PBXFileReference; lastKnownFileType = folder.assetcatalog; path = Assets.xcassets; sourceTree = "<group>"; };
		CEFC30EB20DBB37600E9C717 /* Base */ = {isa = PBXFileReference; lastKnownFileType = file.xib; name = Base; path = Base.lproj/MainMenu.xib; sourceTree = "<group>"; };
		CEFC30ED20DBB37600E9C717 /* Info.plist */ = {isa = PBXFileReference; lastKnownFileType = text.plist.xml; path = Info.plist; sourceTree = "<group>"; };
		CEFC30EE20DBB37600E9C717 /* main.m */ = {isa = PBXFileReference; lastKnownFileType = sourcecode.c.objc; path = main.m; sourceTree = "<group>"; };
		CEFC30F020DBB37600E9C717 /* PC.entitlements */ = {isa = PBXFileReference; lastKnownFileType = text.plist.entitlements; path = PC.entitlements; sourceTree = "<group>"; };
		CEFC30F620DBB68300E9C717 /* hazmat.h */ = {isa = PBXFileReference; lastKnownFileType = sourcecode.c.h; name = hazmat.h; path = ../../Robot/hazmat.h; sourceTree = "<group>"; };
/* End PBXFileReference section */

/* Begin PBXFrameworksBuildPhase section */
		CEFC30DF20DBB37300E9C717 /* Frameworks */ = {
			isa = PBXFrameworksBuildPhase;
			buildActionMask = 2147483647;
			files = (
				EA0FEEAFEF19638D8B2102AD /* libPods-PC.a in Frameworks */,
			);
			runOnlyForDeploymentPostprocessing = 0;
		};
/* End PBXFrameworksBuildPhase section */

/* Begin PBXGroup section */
		C789AA0B57BD8102DF2245EC /* Pods */ = {
			isa = PBXGroup;
			children = (
				7F4C4C12075AC72E2B295175 /* Pods-PC.debug.xcconfig */,
				56BAFCD2865E3BD9E476CDAD /* Pods-PC.release.xcconfig */,
			);
			name = Pods;
			sourceTree = "<group>";
		};
		CEFC30D920DBB37300E9C717 = {
			isa = PBXGroup;
			children = (
				CEFC30E420DBB37300E9C717 /* PC */,
				CEFC30E320DBB37300E9C717 /* Products */,
				C789AA0B57BD8102DF2245EC /* Pods */,
				E9C97CBF9FE1F52306E7191A /* Frameworks */,
			);
			sourceTree = "<group>";
		};
		CEFC30E320DBB37300E9C717 /* Products */ = {
			isa = PBXGroup;
			children = (
				CEFC30E220DBB37300E9C717 /* PC.app */,
			);
			name = Products;
			sourceTree = "<group>";
		};
		CEFC30E420DBB37300E9C717 /* PC */ = {
			isa = PBXGroup;
			children = (
				CEFC30F620DBB68300E9C717 /* hazmat.h */,
				CEFC30E520DBB37300E9C717 /* AppDelegate.h */,
				CEFC30E620DBB37300E9C717 /* AppDelegate.m */,
				CEFC30E820DBB37600E9C717 /* Assets.xcassets */,
				CEFC30EA20DBB37600E9C717 /* MainMenu.xib */,
				CEFC30ED20DBB37600E9C717 /* Info.plist */,
				CEFC30EE20DBB37600E9C717 /* main.m */,
				CEFC30F020DBB37600E9C717 /* PC.entitlements */,
			);
			path = PC;
			sourceTree = "<group>";
		};
		E9C97CBF9FE1F52306E7191A /* Frameworks */ = {
			isa = PBXGroup;
			children = (
				776A608371FEB357798D14CC /* libPods-PC.a */,
			);
			name = Frameworks;
			sourceTree = "<group>";
		};
/* End PBXGroup section */

/* Begin PBXNativeTarget section */
		CEFC30E120DBB37300E9C717 /* PC */ = {
			isa = PBXNativeTarget;
			buildConfigurationList = CEFC30F320DBB37600E9C717 /* Build configuration list for PBXNativeTarget "PC" */;
			buildPhases = (
				BF34817AC3A4FC887AF16DDE /* [CP] Check Pods Manifest.lock */,
				CEFC30DE20DBB37300E9C717 /* Sources */,
				CEFC30DF20DBB37300E9C717 /* Frameworks */,
				CEFC30E020DBB37300E9C717 /* Resources */,
			);
			buildRules = (
			);
			dependencies = (
			);
			name = PC;
			productName = PC;
			productReference = CEFC30E220DBB37300E9C717 /* PC.app */;
			productType = "com.apple.product-type.application";
		};
/* End PBXNativeTarget section */

/* Begin PBXProject section */
		CEFC30DA20DBB37300E9C717 /* Project object */ = {
			isa = PBXProject;
			attributes = {
				LastUpgradeCheck = 0940;
				ORGANIZATIONNAME = USER;
				TargetAttributes = {
					CEFC30E120DBB37300E9C717 = {
						CreatedOnToolsVersion = 9.4.1;
						SystemCapabilities = {
							com.apple.Sandbox = {
								enabled = 0;
							};
						};
					};
				};
			};
			buildConfigurationList = CEFC30DD20DBB37300E9C717 /* Build configuration list for PBXProject "PC" */;
			compatibilityVersion = "Xcode 9.3";
			developmentRegion = en;
			hasScannedForEncodings = 0;
			knownRegions = (
				en,
				Base,
			);
			mainGroup = CEFC30D920DBB37300E9C717;
			productRefGroup = CEFC30E320DBB37300E9C717 /* Products */;
			projectDirPath = "";
			projectRoot = "";
			targets = (
				CEFC30E120DBB37300E9C717 /* PC */,
			);
		};
/* End PBXProject section */

/* Begin PBXResourcesBuildPhase section */
		CEFC30E020DBB37300E9C717 /* Resources */ = {
			isa = PBXResourcesBuildPhase;
			buildActionMask = 2147483647;
			files = (
				CEFC30E920DBB37600E9C717 /* Assets.xcassets in Resources */,
				CEFC30EC20DBB37600E9C717 /* MainMenu.xib in Resources */,
			);
			runOnlyForDeploymentPostprocessing = 0;
		};
/* End PBXResourcesBuildPhase section */

/* Begin PBXShellScriptBuildPhase section */
		BF34817AC3A4FC887AF16DDE /* [CP] Check Pods Manifest.lock */ = {
			isa = PBXShellScriptBuildPhase;
			buildActionMask = 2147483647;
			files = (
			);
			inputPaths = (
				"${PODS_PODFILE_DIR_PATH}/Podfile.lock",
				"${PODS_ROOT}/Manifest.lock",
			);
			name = "[CP] Check Pods Manifest.lock";
			outputPaths = (
				"$(DERIVED_FILE_DIR)/Pods-PC-checkManifestLockResult.txt",
			);
			runOnlyForDeploymentPostprocessing = 0;
			shellPath = /bin/sh;
			shellScript = "diff \"${PODS_PODFILE_DIR_PATH}/Podfile.lock\" \"${PODS_ROOT}/Manifest.lock\" > /dev/null\nif [ $? != 0 ] ; then\n    # print error to STDERR\n    echo \"error: The sandbox is not in sync with the Podfile.lock. Run 'pod install' or update your CocoaPods installation.\" >&2\n    exit 1\nfi\n# This output is used by Xcode 'outputs' to avoid re-running this script phase.\necho \"SUCCESS\" > \"${SCRIPT_OUTPUT_FILE_0}\"\n";
			showEnvVarsInLog = 0;
		};
/* End PBXShellScriptBuildPhase section */

/* Begin PBXSourcesBuildPhase section */
		CEFC30DE20DBB37300E9C717 /* Sources */ = {
			isa = PBXSourcesBuildPhase;
			buildActionMask = 2147483647;
			files = (
				CEFC30EF20DBB37600E9C717 /* main.m in Sources */,
				CEFC30E720DBB37300E9C717 /* AppDelegate.m in Sources */,
			);
			runOnlyForDeploymentPostprocessing = 0;
		};
/* End PBXSourcesBuildPhase section */

/* Begin PBXVariantGroup section */
		CEFC30EA20DBB37600E9C717 /* MainMenu.xib */ = {
			isa = PBXVariantGroup;
			children = (
				CEFC30EB20DBB37600E9C717 /* Base */,
			);
			name = MainMenu.xib;
			sourceTree = "<group>";
		};
/* End PBXVariantGroup section */

/* Begin XCBuildConfiguration section */
		CEFC30F120DBB37600E9C717 /* Debug */ = {
			isa = XCBuildConfiguration;
			buildSettings = {
				ALWAYS_SEARCH_USER_PATHS = NO;
				CLANG_ANALYZER_NONNULL = YES;
				CLANG_ANALYZER_NUMBER_OBJECT_CONVERSION = YES_AGGRESSIVE;
				CLANG_CXX_LANGUAGE_STANDARD = "gnu++14";
				CLANG_CXX_LIBRARY = "libc++";
				CLANG_ENABLE_MODULES = YES;
				CLANG_ENABLE_OBJC_ARC = YES;
				CLANG_ENABLE_OBJC_WEAK = YES;
				CLANG_WARN_BLOCK_CAPTURE_AUTORELEASING = YES;
				CLANG_WARN_BOOL_CONVERSION = YES;
				CLANG_WARN_COMMA = YES;
				CLANG_WARN_CONSTANT_CONVERSION = YES;
				CLANG_WARN_DEPRECATED_OBJC_IMPLEMENTATIONS = YES;
				CLANG_WARN_DIRECT_OBJC_ISA_USAGE = YES_ERROR;
				CLANG_WARN_DOCUMENTATION_COMMENTS = YES;
				CLANG_WARN_EMPTY_BODY = YES;
				CLANG_WARN_ENUM_CONVERSION = YES;
				CLANG_WARN_INFINITE_RECURSION = YES;
				CLANG_WARN_INT_CONVERSION = YES;
				CLANG_WARN_NON_LITERAL_NULL_CONVERSION = YES;
				CLANG_WARN_OBJC_IMPLICIT_RETAIN_SELF = YES;
				CLANG_WARN_OBJC_LITERAL_CONVERSION = YES;
				CLANG_WARN_OBJC_ROOT_CLASS = YES_ERROR;
				CLANG_WARN_RANGE_LOOP_ANALYSIS = YES;
				CLANG_WARN_STRICT_PROTOTYPES = YES;
				CLANG_WARN_SUSPICIOUS_MOVE = YES;
				CLANG_WARN_UNGUARDED_AVAILABILITY = YES_AGGRESSIVE;
				CLANG_WARN_UNREACHABLE_CODE = YES;
				CLANG_WARN__DUPLICATE_METHOD_MATCH = YES;
				CODE_SIGN_IDENTITY = "-";
				COPY_PHASE_STRIP = NO;
				DEBUG_INFORMATION_FORMAT = dwarf;
				ENABLE_STRICT_OBJC_MSGSEND = YES;
				ENABLE_TESTABILITY = YES;
				GCC_C_LANGUAGE_STANDARD = gnu11;
				GCC_DYNAMIC_NO_PIC = NO;
				GCC_NO_COMMON_BLOCKS = YES;
				GCC_OPTIMIZATION_LEVEL = 0;
				GCC_PREPROCESSOR_DEFINITIONS = (
					"DEBUG=1",
					"$(inherited)",
				);
				GCC_WARN_64_TO_32_BIT_CONVERSION = YES;
				GCC_WARN_ABOUT_RETURN_TYPE = YES_ERROR;
				GCC_WARN_UNDECLARED_SELECTOR = YES;
				GCC_WARN_UNINITIALIZED_AUTOS = YES_AGGRESSIVE;
				GCC_WARN_UNUSED_FUNCTION = YES;
				GCC_WARN_UNUSED_VARIABLE = YES;
				MACOSX_DEPLOYMENT_TARGET = 10.13;
				MTL_ENABLE_DEBUG_INFO = YES;
				ONLY_ACTIVE_ARCH = YES;
				SDKROOT = macosx;
			};
			name = Debug;
		};
		CEFC30F220DBB37600E9C717 /* Release */ = {
			isa = XCBuildConfiguration;
			buildSettings = {
				ALWAYS_SEARCH_USER_PATHS = NO;
				CLANG_ANALYZER_NONNULL = YES;
				CLANG_ANALYZER_NUMBER_OBJECT_CONVERSION = YES_AGGRESSIVE;
				CLANG_CXX_LANGUAGE_STANDARD = "gnu++14";
				CLANG_CXX_LIBRARY = "libc++";
				CLANG_ENABLE_MODULES = YES;
				CLANG_ENABLE_OBJC_ARC = YES;
				CLANG_ENABLE_OBJC_WEAK = YES;
				CLANG_WARN_BLOCK_CAPTURE_AUTORELEASING = YES;
				CLANG_WARN_BOOL_CONVERSION = YES;
				CLANG_WARN_COMMA = YES;
				CLANG_WARN_CONSTANT_CONVERSION = YES;
				CLANG_WARN_DEPRECATED_OBJC_IMPLEMENTATIONS = YES;
				CLANG_WARN_DIRECT_OBJC_ISA_USAGE = YES_ERROR;
				CLANG_WARN_DOCUMENTATION_COMMENTS = YES;
				CLANG_WARN_EMPTY_BODY = YES;
				CLANG_WARN_ENUM_CONVERSION = YES;
				CLANG_WARN_INFINITE_RECURSION = YES;
				CLANG_WARN_INT_CONVERSION = YES;
				CLANG_WARN_NON_LITERAL_NULL_CONVERSION = YES;
				CLANG_WARN_OBJC_IMPLICIT_RETAIN_SELF = YES;
				CLANG_WARN_OBJC_LITERAL_CONVERSION = YES;
				CLANG_WARN_OBJC_ROOT_CLASS = YES_ERROR;
				CLANG_WARN_RANGE_LOOP_ANALYSIS = YES;
				CLANG_WARN_STRICT_PROTOTYPES = YES;
				CLANG_WARN_SUSPICIOUS_MOVE = YES;
				CLANG_WARN_UNGUARDED_AVAILABILITY = YES_AGGRESSIVE;
				CLANG_WARN_UNREACHABLE_CODE = YES;
				CLANG_WARN__DUPLICATE_METHOD_MATCH = YES;
				CODE_SIGN_IDENTITY = "-";
				COPY_PHASE_STRIP = NO;
				DEBUG_INFORMATION_FORMAT = "dwarf-with-dsym";
				ENABLE_NS_ASSERTIONS = NO;
				ENABLE_STRICT_OBJC_MSGSEND = YES;
				GCC_C_LANGUAGE_STANDARD = gnu11;
				GCC_NO_COMMON_BLOCKS = YES;
				GCC_WARN_64_TO_32_BIT_CONVERSION = YES;
				GCC_WARN_ABOUT_RETURN_TYPE = YES_ERROR;
				GCC_WARN_UNDECLARED_SELECTOR = YES;
				GCC_WARN_UNINITIALIZED_AUTOS = YES_AGGRESSIVE;
				GCC_WARN_UNUSED_FUNCTION = YES;
				GCC_WARN_UNUSED_VARIABLE = YES;
				MACOSX_DEPLOYMENT_TARGET = 10.13;
				MTL_ENABLE_DEBUG_INFO = NO;
				SDKROOT = macosx;
			};
			name = Release;
		};
		CEFC30F420DBB37600E9C717 /* Debug */ = {
			isa = XCBuildConfiguration;
			baseConfigurationReference = 7F4C4C12075AC72E2B295175 /* Pods-PC.debug.xcconfig */;
			buildSettings = {
				ASSETCATALOG_COMPILER_APPICON_NAME = AppIcon;
				CODE_SIGN_STYLE = Automatic;
				COMBINE_HIDPI_IMAGES = YES;
				INFOPLIST_FILE = PC/Info.plist;
				LD_RUNPATH_SEARCH_PATHS = (
					"$(inherited)",
					"@executable_path/../Frameworks",
				);
				PRODUCT_BUNDLE_IDENTIFIER = mtkrtk.PC;
				PRODUCT_NAME = "$(TARGET_NAME)";
			};
			name = Debug;
		};
		CEFC30F520DBB37600E9C717 /* Release */ = {
			isa = XCBuildConfiguration;
			baseConfigurationReference = 56BAFCD2865E3BD9E476CDAD /* Pods-PC.release.xcconfig */;
			buildSettings = {
				ASSETCATALOG_COMPILER_APPICON_NAME = AppIcon;
				CODE_SIGN_STYLE = Automatic;
				COMBINE_HIDPI_IMAGES = YES;
				INFOPLIST_FILE = PC/Info.plist;
				LD_RUNPATH_SEARCH_PATHS = (
					"$(inherited)",
					"@executable_path/../Frameworks",
				);
				PRODUCT_BUNDLE_IDENTIFIER = mtkrtk.PC;
				PRODUCT_NAME = "$(TARGET_NAME)";
			};
			name = Release;
		};
/* End XCBuildConfiguration section */

/* Begin XCConfigurationList section */
		CEFC30DD20DBB37300E9C717 /* Build configuration list for PBXProject "PC" */ = {
			isa = XCConfigurationList;
			buildConfigurations = (
				CEFC30F120DBB37600E9C717 /* Debug */,
				CEFC30F220DBB37600E9C717 /* Release */,
			);
			defaultConfigurationIsVisible = 0;
			defaultConfigurationName = Release;
		};
		CEFC30F320DBB37600E9C717 /* Build configuration list for PBXNativeTarget "PC" */ = {
			isa = XCConfigurationList;
			buildConfigurations = (
				CEFC30F420DBB37600E9C717 /* Debug */,
				CEFC30F520DBB37600E9C717 /* Release */,
			);
			defaultConfigurationIsVisible = 0;
			defaultConfigurationName = Release;
		};
/* End XCConfigurationList section */
	};
	rootObject = CEFC30DA20DBB37300E9C717 /* Project object */;
}
